{
  "name": "opencord",
  "version": "0.0.0",
  "lockfileVersion": 3,
  "requires": true,
  "packages": {
    "": {
      "name": "opencord",
      "version": "0.0.0",
      "license": "MIT",
      "workspaces": [
        "apps/*"
      ]
    },
    "apps/api": {
      "name": "@opencord/api",
      "version": "0.0.0"
    },
    "apps/web": {
      "name": "@opencord/web",
      "version": "0.0.0"
    },
    "node_modules/@opencord/api": {
      "resolved": "apps/api",
      "link": true
    },
    "node_modules/@opencord/web": {
      "resolved": "apps/web",
      "link": true
    }
  }
}
